
Microsoft Visual Studio Solution File, Format Version 12.00
# Visual Studio 15
VisualStudioVersion = 15.0.28307.539
MinimumVisualStudioVersion = 10.0.40219.1
Project("{9A19103F-16F7-4668-BE54-9A1E7A4F7556}") = "OneSearch.DataMapper.Tests", "OneSearch.DataMapper.Tests\OneSearch.DataMapper.Tests.csproj", "{258F1D1D-99D0-4B7B-9A0D-EE02CEA66902}"
EndProject
Project("{FAE04EC0-301F-11D3-BF4B-00C04F79EFBC}") = "OneSearch.DataMapper", "OneSearch.DataMapper\OneSearch.DataMapper.csproj", "{097270C7-4F99-4AC5-A62C-1F9AB9863540}"
EndProject
Global
	GlobalSection(SolutionConfigurationPlatforms) = preSolution
		Debug|Any CPU = Debug|Any CPU
		Release|Any CPU = Release|Any CPU
	EndGlobalSection
	GlobalSection(ProjectConfigurationPlatforms) = postSolution
		{258F1D1D-99D0-4B7B-9A0D-EE02CEA66902}.Debug|Any CPU.ActiveCfg = Debug|Any CPU
		{258F1D1D-99D0-4B7B-9A0D-EE02CEA66902}.Debug|Any CPU.Build.0 = Debug|Any CPU
		{258F1D1D-99D0-4B7B-9A0D-EE02CEA66902}.Release|Any CPU.ActiveCfg = Release|Any CPU
		{258F1D1D-99D0-4B7B-9A0D-EE02CEA66902}.Release|Any CPU.Build.0 = Release|Any CPU
		{097270C7-4F99-4AC5-A62C-1F9AB9863540}.Debug|Any CPU.ActiveCfg = Debug|Any CPU
		{097270C7-4F99-4AC5-A62C-1F9AB9863540}.Debug|Any CPU.Build.0 = Debug|Any CPU
		{097270C7-4F99-4AC5-A62C-1F9AB9863540}.Release|Any CPU.ActiveCfg = Release|Any CPU
		{097270C7-4F99-4AC5-A62C-1F9AB9863540}.Release|Any CPU.Build.0 = Release|Any CPU
	EndGlobalSection
	GlobalSection(SolutionProperties) = preSolution
		HideSolutionNode = FALSE
	EndGlobalSection
	GlobalSection(ExtensibilityGlobals) = postSolution
		SolutionGuid = {1279188F-B593-44A4-880A-17073959B06D}
	EndGlobalSection
EndGlobal
